{
  "name": "calculate-demo-learn",
  "version": "1.0.0",
  "lockfileVersion": 3,
  "requires": true,
  "packages": {
    "": {
      "name": "calculate-demo-learn",
      "version": "1.0.0",
      "license": "ISC",
      "dependencies": {
        "calculate-demo-learn": "^1.0.0"
      }
    },
    "node_modules/calculate-demo-learn": {
      "version": "1.0.0",
      "resolved": "https://registry.npmjs.org/calculate-demo-learn/-/calculate-demo-learn-1.0.0.tgz",
      "integrity": "sha512-nSd2uIVxe3ABkm53WQw0nyjrq5lNPvjS5TCrRyiOkty72eBDM5nPcDof7t4JfWR38dthdPhYVQfLyhCJqlb1Pw=="
    }
  }
}
